// !$*UTF8*$!
{
	archiveVersion = 1;
	classes = {
	};
	objectVersion = 46;
	objects = {

/* Begin PBXBuildFile section */
		06E2F9B21B64CF2800A20D69 /* AppDelegate.swift in Sources */ = {isa = PBXBuildFile; fileRef = 06E2F9B11B64CF2800A20D69 /* AppDelegate.swift */; };
		06E2F9B41B64CF2800A20D69 /* ViewController.swift in Sources */ = {isa = PBXBuildFile; fileRef = 06E2F9B31B64CF2800A20D69 /* ViewController.swift */; };
		06E2F9B61B64CF2800A20D69 /* Images.xcassets in Resources */ = {isa = PBXBuildFile; fileRef = 06E2F9B51B64CF2800A20D69 /* Images.xcassets */; };
		06E2F9B91B64CF2800A20D69 /* Main.storyboard in Resources */ = {isa = PBXBuildFile; fileRef = 06E2F9B71B64CF2800A20D69 /* Main.storyboard */; };
		06E2F9C51B64CF2800A20D69 /* ResponsiveCalendarTests.swift in Sources */ = {isa = PBXBuildFile; fileRef = 06E2F9C41B64CF2800A20D69 /* ResponsiveCalendarTests.swift */; };
/* End PBXBuildFile section */

/* Begin PBXContainerItemProxy section */
		06E2F9BF1B64CF2800A20D69 /* PBXContainerItemProxy */ = {
			isa = PBXContainerItemProxy;
			containerPortal = 06E2F9A41B64CF2800A20D69 /* Project object */;
			proxyType = 1;
			remoteGlobalIDString = 06E2F9AB1B64CF2800A20D69;
			remoteInfo = ResponsiveCalendar;
		};
/* End PBXContainerItemProxy section */

/* Begin PBXFileReference section */
		06E2F9AC1B64CF2800A20D69 /* ResponsiveCalendar.app */ = {isa = PBXFileReference; explicitFileType = wrapper.application; includeInIndex = 0; path = ResponsiveCalendar.app; sourceTree = BUILT_PRODUCTS_DIR; };
		06E2F9B01B64CF2800A20D69 /* Info.plist */ = {isa = PBXFileReference; lastKnownFileType = text.plist.xml; path = Info.plist; sourceTree = "<group>"; };
		06E2F9B11B64CF2800A20D69 /* AppDelegate.swift */ = {isa = PBXFileReference; lastKnownFileType = sourcecode.swift; path = AppDelegate.swift; sourceTree = "<group>"; };
		06E2F9B31B64CF2800A20D69 /* ViewController.swift */ = {isa = PBXFileReference; lastKnownFileType = sourcecode.swift; path = ViewController.swift; sourceTree = "<group>"; };
		06E2F9B51B64CF2800A20D69 /* Images.xcassets */ = {isa = PBXFileReference; lastKnownFileType = folder.assetcatalog; path = Images.xcassets; sourceTree = "<group>"; };
		06E2F9B81B64CF2800A20D69 /* Base */ = {isa = PBXFileReference; lastKnownFileType = file.storyboard; name = Base; path = Base.lproj/Main.storyboard; sourceTree = "<group>"; };
		06E2F9BE1B64CF2800A20D69 /* ResponsiveCalendarTests.xctest */ = {isa = PBXFileReference; explicitFileType = wrapper.cfbundle; includeInIndex = 0; path = ResponsiveCalendarTests.xctest; sourceTree = BUILT_PRODUCTS_DIR; };
		06E2F9C31B64CF2800A20D69 /* Info.plist */ = {isa = PBXFileReference; lastKnownFileType = text.plist.xml; path = Info.plist; sourceTree = "<group>"; };
		06E2F9C41B64CF2800A20D69 /* ResponsiveCalendarTests.swift */ = {isa = PBXFileReference; lastKnownFileType = sourcecode.swift; path = ResponsiveCalendarTests.swift; sourceTree = "<group>"; };
/* End PBXFileReference section */

/* Begin PBXFrameworksBuildPhase section */
		06E2F9A91B64CF2800A20D69 /* Frameworks */ = {
			isa = PBXFrameworksBuildPhase;
			buildActionMask = 2147483647;
			files = (
			);
			runOnlyForDeploymentPostprocessing = 0;
		};
		06E2F9BB1B64CF2800A20D69 /* Frameworks */ = {
			isa = PBXFrameworksBuildPhase;
			buildActionMask = 2147483647;
			files = (
			);
			runOnlyForDeploymentPostprocessing = 0;
		};
/* End PBXFrameworksBuildPhase section */

/* Begin PBXGroup section */
		06E2F9A31B64CF2800A20D69 = {
			isa = PBXGroup;
			children = (
				06E2F9AE1B64CF2800A20D69 /* ResponsiveCalendar */,
				06E2F9C11B64CF2800A20D69 /* ResponsiveCalendarTests */,
				06E2F9AD1B64CF2800A20D69 /* Products */,
			);
			sourceTree = "<group>";
		};
		06E2F9AD1B64CF2800A20D69 /* Products */ = {
			isa = PBXGroup;
			children = (
				06E2F9AC1B64CF2800A20D69 /* ResponsiveCalendar.app */,
				06E2F9BE1B64CF2800A20D69 /* ResponsiveCalendarTests.xctest */,
			);
			name = Products;
			sourceTree = "<group>";
		};
		06E2F9AE1B64CF2800A20D69 /* ResponsiveCalendar */ = {
			isa = PBXGroup;
			children = (
				06E2F9B11B64CF2800A20D69 /* AppDelegate.swift */,
				06E2F9B31B64CF2800A20D69 /* ViewController.swift */,
				06E2F9B51B64CF2800A20D69 /* Images.xcassets */,
				06E2F9B71B64CF2800A20D69 /* Main.storyboard */,
				06E2F9AF1B64CF2800A20D69 /* Supporting Files */,
			);
			path = ResponsiveCalendar;
			sourceTree = "<group>";
		};
		06E2F9AF1B64CF2800A20D69 /* Supporting Files */ = {
			isa = PBXGroup;
			children = (
				06E2F9B01B64CF2800A20D69 /* Info.plist */,
			);
			name = "Supporting Files";
			sourceTree = "<group>";
		};
		06E2F9C11B64CF2800A20D69 /* ResponsiveCalendarTests */ = {
			isa = PBXGroup;
			children = (
				06E2F9C41B64CF2800A20D69 /* ResponsiveCalendarTests.swift */,
				06E2F9C21B64CF2800A20D69 /* Supporting Files */,
			);
			path = ResponsiveCalendarTests;
			sourceTree = "<group>";
		};
		06E2F9C21B64CF2800A20D69 /* Supporting Files */ = {
			isa = PBXGroup;
			children = (
				06E2F9C31B64CF2800A20D69 /* Info.plist */,
			);
			name = "Supporting Files";
			sourceTree = "<group>";
		};
/* End PBXGroup section */

/* Begin PBXNativeTarget section */
		06E2F9AB1B64CF2800A20D69 /* ResponsiveCalendar */ = {
			isa = PBXNativeTarget;
			buildConfigurationList = 06E2F9C81B64CF2800A20D69 /* Build configuration list for PBXNativeTarget "ResponsiveCalendar" */;
			buildPhases = (
				06E2F9A81B64CF2800A20D69 /* Sources */,
				06E2F9A91B64CF2800A20D69 /* Frameworks */,
				06E2F9AA1B64CF2800A20D69 /* Resources */,
			);
			buildRules = (
			);
			dependencies = (
			);
			name = ResponsiveCalendar;
			productName = ResponsiveCalendar;
			productReference = 06E2F9AC1B64CF2800A20D69 /* ResponsiveCalendar.app */;
			productType = "com.apple.product-type.application";
		};
		06E2F9BD1B64CF2800A20D69 /* ResponsiveCalendarTests */ = {
			isa = PBXNativeTarget;
			buildConfigurationList = 06E2F9CB1B64CF2800A20D69 /* Build configuration list for PBXNativeTarget "ResponsiveCalendarTests" */;
			buildPhases = (
				06E2F9BA1B64CF2800A20D69 /* Sources */,
				06E2F9BB1B64CF2800A20D69 /* Frameworks */,
				06E2F9BC1B64CF2800A20D69 /* Resources */,
			);
			buildRules = (
			);
			dependencies = (
				06E2F9C01B64CF2800A20D69 /* PBXTargetDependency */,
			);
			name = ResponsiveCalendarTests;
			productName = ResponsiveCalendarTests;
			productReference = 06E2F9BE1B64CF2800A20D69 /* ResponsiveCalendarTests.xctest */;
			productType = "com.apple.product-type.bundle.unit-test";
		};
/* End PBXNativeTarget section */

/* Begin PBXProject section */
		06E2F9A41B64CF2800A20D69 /* Project object */ = {
			isa = PBXProject;
			attributes = {
				LastUpgradeCheck = 0640;
				ORGANIZATIONNAME = zzp;
				TargetAttributes = {
					06E2F9AB1B64CF2800A20D69 = {
						CreatedOnToolsVersion = 6.4;
					};
					06E2F9BD1B64CF2800A20D69 = {
						CreatedOnToolsVersion = 6.4;
						TestTargetID = 06E2F9AB1B64CF2800A20D69;
					};
				};
			};
			buildConfigurationList = 06E2F9A71B64CF2800A20D69 /* Build configuration list for PBXProject "ResponsiveCalendar" */;
			compatibilityVersion = "Xcode 3.2";
			developmentRegion = English;
			hasScannedForEncodings = 0;
			knownRegions = (
				en,
				Base,
			);
			mainGroup = 06E2F9A31B64CF2800A20D69;
			productRefGroup = 06E2F9AD1B64CF2800A20D69 /* Products */;
			projectDirPath = "";
			projectRoot = "";
			targets = (
				06E2F9AB1B64CF2800A20D69 /* ResponsiveCalendar */,
				06E2F9BD1B64CF2800A20D69 /* ResponsiveCalendarTests */,
			);
		};
/* End PBXProject section */

/* Begin PBXResourcesBuildPhase section */
		06E2F9AA1B64CF2800A20D69 /* Resources */ = {
			isa = PBXResourcesBuildPhase;
			buildActionMask = 2147483647;
			files = (
				06E2F9B61B64CF2800A20D69 /* Images.xcassets in Resources */,
				06E2F9B91B64CF2800A20D69 /* Main.storyboard in Resources */,
			);
			runOnlyForDeploymentPostprocessing = 0;
		};
		06E2F9BC1B64CF2800A20D69 /* Resources */ = {
			isa = PBXResourcesBuildPhase;
			buildActionMask = 2147483647;
			files = (
			);
			runOnlyForDeploymentPostprocessing = 0;
		};
/* End PBXResourcesBuildPhase section */

/* Begin PBXSourcesBuildPhase section */
		06E2F9A81B64CF2800A20D69 /* Sources */ = {
			isa = PBXSourcesBuildPhase;
			buildActionMask = 2147483647;
			files = (
				06E2F9B41B64CF2800A20D69 /* ViewController.swift in Sources */,
				06E2F9B21B64CF2800A20D69 /* AppDelegate.swift in Sources */,
			);
			runOnlyForDeploymentPostprocessing = 0;
		};
		06E2F9BA1B64CF2800A20D69 /* Sources */ = {
			isa = PBXSourcesBuildPhase;
			buildActionMask = 2147483647;
			files = (
				06E2F9C51B64CF2800A20D69 /* ResponsiveCalendarTests.swift in Sources */,
			);
			runOnlyForDeploymentPostprocessing = 0;
		};
/* End PBXSourcesBuildPhase section */

/* Begin PBXTargetDependency section */
		06E2F9C01B64CF2800A20D69 /* PBXTargetDependency */ = {
			isa = PBXTargetDependency;
			target = 06E2F9AB1B64CF2800A20D69 /* ResponsiveCalendar */;
			targetProxy = 06E2F9BF1B64CF2800A20D69 /* PBXContainerItemProxy */;
		};
/* End PBXTargetDependency section */

/* Begin PBXVariantGroup section */
		06E2F9B71B64CF2800A20D69 /* Main.storyboard */ = {
			isa = PBXVariantGroup;
			children = (
				06E2F9B81B64CF2800A20D69 /* Base */,
			);
			name = Main.storyboard;
			sourceTree = "<group>";
		};
/* End PBXVariantGroup section */

/* Begin XCBuildConfiguration section */
		06E2F9C61B64CF2800A20D69 /* Debug */ = {
			isa = XCBuildConfiguration;
			buildSettings = {
				ALWAYS_SEARCH_USER_PATHS = NO;
				CLANG_CXX_LANGUAGE_STANDARD = "gnu++0x";
				CLANG_CXX_LIBRARY = "libc++";
				CLANG_ENABLE_MODULES = YES;
				CLANG_ENABLE_OBJC_ARC = YES;
				CLANG_WARN_BOOL_CONVERSION = YES;
				CLANG_WARN_CONSTANT_CONVERSION = YES;
				CLANG_WARN_DIRECT_OBJC_ISA_USAGE = YES_ERROR;
				CLANG_WARN_EMPTY_BODY = YES;
				CLANG_WARN_ENUM_CONVERSION = YES;
				CLANG_WARN_INT_CONVERSION = YES;
				CLANG_WARN_OBJC_ROOT_CLASS = YES_ERROR;
				CLANG_WARN_UNREACHABLE_CODE = YES;
				CLANG_WARN__DUPLICATE_METHOD_MATCH = YES;
				CODE_SIGN_IDENTITY = "-";
				COPY_PHASE_STRIP = NO;
				DEBUG_INFORMATION_FORMAT = dwarf;
				ENABLE_STRICT_OBJC_MSGSEND = YES;
				GCC_C_LANGUAGE_STANDARD = gnu99;
				GCC_DYNAMIC_NO_PIC = NO;
				GCC_NO_COMMON_BLOCKS = YES;
				GCC_OPTIMIZATION_LEVEL = 0;
				GCC_PREPROCESSOR_DEFINITIONS = (
					"DEBUG=1",
					"$(inherited)",
				);
				GCC_SYMBOLS_PRIVATE_EXTERN = NO;
				GCC_WARN_64_TO_32_BIT_CONVERSION = YES;
				GCC_WARN_ABOUT_RETURN_TYPE = YES_ERROR;
				GCC_WARN_UNDECLARED_SELECTOR = YES;
				GCC_WARN_UNINITIALIZED_AUTOS = YES_AGGRESSIVE;
				GCC_WARN_UNUSED_FUNCTION = YES;
				GCC_WARN_UNUSED_VARIABLE = YES;
				MACOSX_DEPLOYMENT_TARGET = 10.10;
				MTL_ENABLE_DEBUG_INFO = YES;
				ONLY_ACTIVE_ARCH = YES;
				SDKROOT = macosx;
				SWIFT_OPTIMIZATION_LEVEL = "-Onone";
			};
			name = Debug;
		};
		06E2F9C71B64CF2800A20D69 /* Release */ = {
			isa = XCBuildConfiguration;
			buildSettings = {
				ALWAYS_SEARCH_USER_PATHS = NO;
				CLANG_CXX_LANGUAGE_STANDARD = "gnu++0x";
				CLANG_CXX_LIBRARY = "libc++";
				CLANG_ENABLE_MODULES = YES;
				CLANG_ENABLE_OBJC_ARC = YES;
				CLANG_WARN_BOOL_CONVERSION = YES;
				CLANG_WARN_CONSTANT_CONVERSION = YES;
				CLANG_WARN_DIRECT_OBJC_ISA_USAGE = YES_ERROR;
				CLANG_WARN_EMPTY_BODY = YES;
				CLANG_WARN_ENUM_CONVERSION = YES;
				CLANG_WARN_INT_CONVERSION = YES;
				CLANG_WARN_OBJC_ROOT_CLASS = YES_ERROR;
				CLANG_WARN_UNREACHABLE_CODE = YES;
				CLANG_WARN__DUPLICATE_METHOD_MATCH = YES;
				CODE_SIGN_IDENTITY = "-";
				COPY_PHASE_STRIP = NO;
				DEBUG_INFORMATION_FORMAT = "dwarf-with-dsym";
				ENABLE_NS_ASSERTIONS = NO;
				ENABLE_STRICT_OBJC_MSGSEND = YES;
				GCC_C_LANGUAGE_STANDARD = gnu99;
				GCC_NO_COMMON_BLOCKS = YES;
				GCC_WARN_64_TO_32_BIT_CONVERSION = YES;
				GCC_WARN_ABOUT_RETURN_TYPE = YES_ERROR;
				GCC_WARN_UNDECLARED_SELECTOR = YES;
				GCC_WARN_UNINITIALIZED_AUTOS = YES_AGGRESSIVE;
				GCC_WARN_UNUSED_FUNCTION = YES;
				GCC_WARN_UNUSED_VARIABLE = YES;
				MACOSX_DEPLOYMENT_TARGET = 10.10;
				MTL_ENABLE_DEBUG_INFO = NO;
				SDKROOT = macosx;
			};
			name = Release;
		};
		06E2F9C91B64CF2800A20D69 /* Debug */ = {
			isa = XCBuildConfiguration;
			buildSettings = {
				ASSETCATALOG_COMPILER_APPICON_NAME = AppIcon;
				COMBINE_HIDPI_IMAGES = YES;
				INFOPLIST_FILE = ResponsiveCalendar/Info.plist;
				LD_RUNPATH_SEARCH_PATHS = "$(inherited) @executable_path/../Frameworks";
				PRODUCT_NAME = "$(TARGET_NAME)";
			};
			name = Debug;
		};
		06E2F9CA1B64CF2800A20D69 /* Release */ = {
			isa = XCBuildConfiguration;
			buildSettings = {
				ASSETCATALOG_COMPILER_APPICON_NAME = AppIcon;
				COMBINE_HIDPI_IMAGES = YES;
				INFOPLIST_FILE = ResponsiveCalendar/Info.plist;
				LD_RUNPATH_SEARCH_PATHS = "$(inherited) @executable_path/../Frameworks";
				PRODUCT_NAME = "$(TARGET_NAME)";
			};
			name = Release;
		};
		06E2F9CC1B64CF2800A20D69 /* Debug */ = {
			isa = XCBuildConfiguration;
			buildSettings = {
				BUNDLE_LOADER = "$(TEST_HOST)";
				COMBINE_HIDPI_IMAGES = YES;
				FRAMEWORK_SEARCH_PATHS = (
					"$(DEVELOPER_FRAMEWORKS_DIR)",
					"$(inherited)",
				);
				GCC_PREPROCESSOR_DEFINITIONS = (
					"DEBUG=1",
					"$(inherited)",
				);
				INFOPLIST_FILE = ResponsiveCalendarTests/Info.plist;
				LD_RUNPATH_SEARCH_PATHS = "$(inherited) @executable_path/../Frameworks @loader_path/../Frameworks";
				PRODUCT_NAME = "$(TARGET_NAME)";
				TEST_HOST = "$(BUILT_PRODUCTS_DIR)/ResponsiveCalendar.app/Contents/MacOS/ResponsiveCalendar";
			};
			name = Debug;
		};
		06E2F9CD1B64CF2800A20D69 /* Release */ = {
			isa = XCBuildConfiguration;
			buildSettings = {
				BUNDLE_LOADER = "$(TEST_HOST)";
				COMBINE_HIDPI_IMAGES = YES;
				FRAMEWORK_SEARCH_PATHS = (
					"$(DEVELOPER_FRAMEWORKS_DIR)",
					"$(inherited)",
				);
				INFOPLIST_FILE = ResponsiveCalendarTests/Info.plist;
				LD_RUNPATH_SEARCH_PATHS = "$(inherited) @executable_path/../Frameworks @loader_path/../Frameworks";
				PRODUCT_NAME = "$(TARGET_NAME)";
				TEST_HOST = "$(BUILT_PRODUCTS_DIR)/ResponsiveCalendar.app/Contents/MacOS/ResponsiveCalendar";
			};
			name = Release;
		};
/* End XCBuildConfiguration section */

/* Begin XCConfigurationList section */
		06E2F9A71B64CF2800A20D69 /* Build configuration list for PBXProject "ResponsiveCalendar" */ = {
			isa = XCConfigurationList;
			buildConfigurations = (
				06E2F9C61B64CF2800A20D69 /* Debug */,
				06E2F9C71B64CF2800A20D69 /* Release */,
			);
			defaultConfigurationIsVisible = 0;
			defaultConfigurationName = Release;
		};
		06E2F9C81B64CF2800A20D69 /* Build configuration list for PBXNativeTarget "ResponsiveCalendar" */ = {
			isa = XCConfigurationList;
			buildConfigurations = (
				06E2F9C91B64CF2800A20D69 /* Debug */,
				06E2F9CA1B64CF2800A20D69 /* Release */,
			);
			defaultConfigurationIsVisible = 0;
		};
		06E2F9CB1B64CF2800A20D69 /* Build configuration list for PBXNativeTarget "ResponsiveCalendarTests" */ = {
			isa = XCConfigurationList;
			buildConfigurations = (
				06E2F9CC1B64CF2800A20D69 /* Debug */,
				06E2F9CD1B64CF2800A20D69 /* Release */,
			);
			defaultConfigurationIsVisible = 0;
		};
/* End XCConfigurationList section */
	};
	rootObject = 06E2F9A41B64CF2800A20D69 /* Project object */;
}
